<?xml version="1.0" encoding="utf-8"?>
<Project ToolsVersion="4.0" xmlns="http://schemas.microsoft.com/developer/msbuild/2003">
  <ItemGroup>
    <Filter Include="Source">
      <UniqueIdentifier>{4FC737F1-C7A5-4376-A066-2A32D752A2FF}</UniqueIdentifier>
      <Extensions>cpp;c;cc;cxx;c++;cppm;ixx;def;odl;idl;hpj;bat;asm;asmx</Extensions>
    </Filter>
    <Filter Include="Header">
      <UniqueIdentifier>{93995380-89BD-4b04-88EB-625FBE52EBFB}</UniqueIdentifier>
      <Extensions>h;hh;hpp;hxx;h++;hm;inl;inc;ipp;xsd</Extensions>
    </Filter>
    <Filter Include="Resource">
      <UniqueIdentifier>{67DA6AB6-F800-4c08-8B7A-83BB121AAD01}</UniqueIdentifier>
      <Extensions>rc;ico;cur;bmp;dlg;rc2;rct;bin;rgs;gif;jpg;jpeg;jpe;resx;tiff;tif;png;wav;mfcribbon-ms</Extensions>
    </Filter>
    <Filter Include="Source\Util">
      <UniqueIdentifier>{fbb09a8f-61b9-4a08-b764-0feb94983a4c}</UniqueIdentifier>
    </Filter>
    <Filter Include="Source\Inline">
      <UniqueIdentifier>{26d9947e-17b7-46cd-bbd0-ca583a2afc5d}</UniqueIdentifier>
    </Filter>
    <Filter Include="Source\Tests">
      <UniqueIdentifier>{725bf60f-ccb6-40bb-a756-dbab7ea7c015}</UniqueIdentifier>
    </Filter>
    <Filter Include="Source\Sort">
      <UniqueIdentifier>{23f41bfd-de2f-4e45-ac33-6773dc11ea62}</UniqueIdentifier>
    </Filter>
    <Filter Include="Source\SortWithKey">
      <UniqueIdentifier>{9cf43e51-d88b-4107-885e-f118989eb327}</UniqueIdentifier>
    </Filter>
  </ItemGroup>
  <ItemGroup>
    <ClCompile Include="_main.cpp">
      <Filter>Source</Filter>
    </ClCompile>
    <ClCompile Include="Util\util_nan.cpp">
      <Filter>Source\Util</Filter>
    </ClCompile>
    <ClCompile Include="Util\util_mm_mask.cpp">
      <Filter>Source\Util</Filter>
    </ClCompile>
    <ClCompile Include="Tests\sort_test_s.cpp">
      <Filter>Source\Tests</Filter>
    </ClCompile>
    <ClCompile Include="Tests\mm_cmp_test_s.cpp">
      <Filter>Source\Tests</Filter>
    </ClCompile>
    <ClCompile Include="Sort\sortasc_ignnan_s.cpp">
      <Filter>Source\Sort</Filter>
    </ClCompile>
    <ClCompile Include="Tests\sort_long_speed_test_s.cpp">
      <Filter>Source\Tests</Filter>
    </ClCompile>
    <ClCompile Include="Sort\sortdsc_ignnan_s.cpp">
      <Filter>Source\Sort</Filter>
    </ClCompile>
    <ClCompile Include="Sort\sortasc_ignnan_d.cpp">
      <Filter>Source\Sort</Filter>
    </ClCompile>
    <ClCompile Include="Tests\sort_test_d.cpp">
      <Filter>Source\Tests</Filter>
    </ClCompile>
    <ClCompile Include="Tests\sort_long_speed_test_d.cpp">
      <Filter>Source\Tests</Filter>
    </ClCompile>
    <ClCompile Include="Tests\check_dup.cpp">
      <Filter>Source\Tests</Filter>
    </ClCompile>
    <ClCompile Include="Tests\sort_short_speed_test_s.cpp">
      <Filter>Source\Tests</Filter>
    </ClCompile>
    <ClCompile Include="Tests\sort_short_speed_test_d.cpp">
      <Filter>Source\Tests</Filter>
    </ClCompile>
    <ClCompile Include="Sort\sortdsc_ignnan_d.cpp">
      <Filter>Source\Sort</Filter>
    </ClCompile>
    <ClCompile Include="Sort\sortdsc_maxnan_s.cpp">
      <Filter>Source\Sort</Filter>
    </ClCompile>
    <ClCompile Include="Sort\sortasc_maxnan_s.cpp">
      <Filter>Source\Sort</Filter>
    </ClCompile>
    <ClCompile Include="Sort\sortdsc_minnan_s.cpp">
      <Filter>Source\Sort</Filter>
    </ClCompile>
    <ClCompile Include="Sort\sortasc_minnan_s.cpp">
      <Filter>Source\Sort</Filter>
    </ClCompile>
    <ClCompile Include="Sort\sortdsc_minnan_d.cpp">
      <Filter>Source\Sort</Filter>
    </ClCompile>
    <ClCompile Include="Sort\sortasc_minnan_d.cpp">
      <Filter>Source\Sort</Filter>
    </ClCompile>
    <ClCompile Include="Sort\sortasc_maxnan_d.cpp">
      <Filter>Source\Sort</Filter>
    </ClCompile>
    <ClCompile Include="Sort\sortdsc_maxnan_d.cpp">
      <Filter>Source\Sort</Filter>
    </ClCompile>
    <ClCompile Include="Tests\sort_limit_speed_test_d.cpp">
      <Filter>Source\Tests</Filter>
    </ClCompile>
    <ClCompile Include="Tests\sort_limit_speed_test_s.cpp">
      <Filter>Source\Tests</Filter>
    </ClCompile>
    <ClCompile Include="SortWithKey\sortwithkeyasc_ignnan_s.cpp">
      <Filter>Source\SortWithKey</Filter>
    </ClCompile>
    <ClCompile Include="Tests\sortwithkey_test_s.cpp">
      <Filter>Source\Tests</Filter>
    </ClCompile>
    <ClCompile Include="SortWithKey\sortwithkeyasc_ignnan_d.cpp">
      <Filter>Source\SortWithKey</Filter>
    </ClCompile>
    <ClCompile Include="Tests\sortwithkey_test_d.cpp">
      <Filter>Source\Tests</Filter>
    </ClCompile>
    <ClCompile Include="SortWithKey\sortwithkeydsc_ignnan_d.cpp">
      <Filter>Source\SortWithKey</Filter>
    </ClCompile>
    <ClCompile Include="SortWithKey\sortwithkeydsc_ignnan_s.cpp">
      <Filter>Source\SortWithKey</Filter>
    </ClCompile>
    <ClCompile Include="SortWithKey\sortwithkeydsc_maxnan_d.cpp">
      <Filter>Source\SortWithKey</Filter>
    </ClCompile>
    <ClCompile Include="SortWithKey\sortwithkeydsc_maxnan_s.cpp">
      <Filter>Source\SortWithKey</Filter>
    </ClCompile>
    <ClCompile Include="SortWithKey\sortwithkeyasc_maxnan_d.cpp">
      <Filter>Source\SortWithKey</Filter>
    </ClCompile>
    <ClCompile Include="SortWithKey\sortwithkeyasc_maxnan_s.cpp">
      <Filter>Source\SortWithKey</Filter>
    </ClCompile>
    <ClCompile Include="SortWithKey\sortwithkeyasc_minnan_s.cpp">
      <Filter>Source\SortWithKey</Filter>
    </ClCompile>
    <ClCompile Include="SortWithKey\sortwithkeydsc_minnan_d.cpp">
      <Filter>Source\SortWithKey</Filter>
    </ClCompile>
    <ClCompile Include="SortWithKey\sortwithkeydsc_minnan_s.cpp">
      <Filter>Source\SortWithKey</Filter>
    </ClCompile>
    <ClCompile Include="SortWithKey\sortwithkeyasc_minnan_d.cpp">
      <Filter>Source\SortWithKey</Filter>
    </ClCompile>
  </ItemGroup>
  <ItemGroup>
    <ClInclude Include="simdsort.h">
      <Filter>Header</Filter>
    </ClInclude>
    <ClInclude Include="constants.h">
      <Filter>Header</Filter>
    </ClInclude>
    <ClInclude Include="types.h">
      <Filter>Header</Filter>
    </ClInclude>
    <ClInclude Include="utils.h">
      <Filter>Header</Filter>
    </ClInclude>
    <ClInclude Include="Inline\inline_loadstore_xn_s.hpp">
      <Filter>Source\Inline</Filter>
    </ClInclude>
    <ClInclude Include="Inline\inline_ope_d.hpp">
      <Filter>Source\Inline</Filter>
    </ClInclude>
    <ClInclude Include="Inline\inline_ope_s.hpp">
      <Filter>Source\Inline</Filter>
    </ClInclude>
    <ClInclude Include="Inline\inline_cmp_s.hpp">
      <Filter>Source\Inline</Filter>
    </ClInclude>
    <ClInclude Include="Inline\inline_loadstore_xn_d.hpp">
      <Filter>Source\Inline</Filter>
    </ClInclude>
    <ClInclude Include="Sort\sort.h">
      <Filter>Source\Sort</Filter>
    </ClInclude>
    <ClInclude Include="Inline\inline_cmp_d.hpp">
      <Filter>Source\Inline</Filter>
    </ClInclude>
    <ClInclude Include="Inline\inline_misc.hpp">
      <Filter>Source\Inline</Filter>
    </ClInclude>
    <ClInclude Include="sortkv_types.h">
      <Filter>Header</Filter>
    </ClInclude>
    <ClInclude Include="Inline\inline_blend_epi.hpp">
      <Filter>Source\Inline</Filter>
    </ClInclude>
    <ClInclude Include="SortWithKey\sortwithkey.h">
      <Filter>Source\SortWithKey</Filter>
    </ClInclude>
    <ClInclude Include="Inline\inline_loadstore_xn_epi32.hpp">
      <Filter>Source\Inline</Filter>
    </ClInclude>
    <ClInclude Include="Inline\inline_loadstore_xn_epi64.hpp">
      <Filter>Source\Inline</Filter>
    </ClInclude>
    <ClInclude Include="Inline\inline_cmp_ep32.hpp">
      <Filter>Source\Inline</Filter>
    </ClInclude>
  </ItemGroup>
</Project>